
Microsoft Visual Studio Solution File, Format Version 12.00
# Visual Studio Version 17
VisualStudioVersion = 17.7.34009.444
MinimumVisualStudioVersion = 10.0.40219.1
Project("{FAE04EC0-301F-11D3-BF4B-00C04F79EFBC}") = "DelegatesDemo", "DelegatesDemo.csproj", "{22963CE8-552F-4B64-8945-49AB8017D405}"
EndProject
Global
	GlobalSection(SolutionConfigurationPlatforms) = preSolution
		Debug|Any CPU = Debug|Any CPU
		Release|Any CPU = Release|Any CPU
	EndGlobalSection
	GlobalSection(ProjectConfigurationPlatforms) = postSolution
		{22963CE8-552F-4B64-8945-49AB8017D405}.Debug|Any CPU.ActiveCfg = Debug|Any CPU
		{22963CE8-552F-4B64-8945-49AB8017D405}.Debug|Any CPU.Build.0 = Debug|Any CPU
		{22963CE8-552F-4B64-8945-49AB8017D405}.Release|Any CPU.ActiveCfg = Release|Any CPU
		{22963CE8-552F-4B64-8945-49AB8017D405}.Release|Any CPU.Build.0 = Release|Any CPU
	EndGlobalSection
	GlobalSection(SolutionProperties) = preSolution
		HideSolutionNode = FALSE
	EndGlobalSection
	GlobalSection(ExtensibilityGlobals) = postSolution
		SolutionGuid = {924F4E17-922E-42B4-BCBB-4D1EDFBF36CB}
	EndGlobalSection
EndGlobal
